
Microsoft Visual Studio Solution File, Format Version 12.00
# Visual Studio 15
VisualStudioVersion = 15.0.26730.15
MinimumVisualStudioVersion = 10.0.40219.1
Project("{FAE04EC0-301F-11D3-BF4B-00C04F79EFBC}") = "CG_03_Rasterization", "CG_03_Rasterization\CG_03_Rasterization.csproj", "{548850A6-744E-401F-9283-5874F151EBCB}"
EndProject
Global
	GlobalSection(SolutionConfigurationPlatforms) = preSolution
		Debug|Any CPU = Debug|Any CPU
		Release|Any CPU = Release|Any CPU
	EndGlobalSection
	GlobalSection(ProjectConfigurationPlatforms) = postSolution
		{548850A6-744E-401F-9283-5874F151EBCB}.Debug|Any CPU.ActiveCfg = Debug|Any CPU
		{548850A6-744E-401F-9283-5874F151EBCB}.Debug|Any CPU.Build.0 = Debug|Any CPU
		{548850A6-744E-401F-9283-5874F151EBCB}.Release|Any CPU.ActiveCfg = Release|Any CPU
		{548850A6-744E-401F-9283-5874F151EBCB}.Release|Any CPU.Build.0 = Release|Any CPU
	EndGlobalSection
	GlobalSection(SolutionProperties) = preSolution
		HideSolutionNode = FALSE
	EndGlobalSection
	GlobalSection(ExtensibilityGlobals) = postSolution
		SolutionGuid = {88311B53-5D7D-476C-AA42-FC861C47D458}
	EndGlobalSection
EndGlobal
